// !$*UTF8*$!
{
	archiveVersion = 1;
	classes = {
	};
	objectVersion = 56;
	objects = {

/* Begin PBXBuildFile section */
		5C85996C2CB686A70052A2DC /* NetworkManager.swift in Sources */ = {isa = PBXBuildFile; fileRef = 5C85996B2CB686A70052A2DC /* NetworkManager.swift */; };
		5C9E58332CB6668C00243EB0 /* resq_iosApp.swift in Sources */ = {isa = PBXBuildFile; fileRef = 5C9E58322CB6668C00243EB0 /* resq_iosApp.swift */; };
		5C9E58352CB6668C00243EB0 /* ContentView.swift in Sources */ = {isa = PBXBuildFile; fileRef = 5C9E58342CB6668C00243EB0 /* ContentView.swift */; };
		5C9E58372CB6668F00243EB0 /* Assets.xcassets in Resources */ = {isa = PBXBuildFile; fileRef = 5C9E58362CB6668F00243EB0 /* Assets.xcassets */; };
		5C9E583A2CB6668F00243EB0 /* Preview Assets.xcassets in Resources */ = {isa = PBXBuildFile; fileRef = 5C9E58392CB6668F00243EB0 /* Preview Assets.xcassets */; };
		5C9E58442CB6668F00243EB0 /* resq_iosTests.swift in Sources */ = {isa = PBXBuildFile; fileRef = 5C9E58432CB6668F00243EB0 /* resq_iosTests.swift */; };
		5C9E584E2CB6668F00243EB0 /* resq_iosUITests.swift in Sources */ = {isa = PBXBuildFile; fileRef = 5C9E584D2CB6668F00243EB0 /* resq_iosUITests.swift */; };
		5C9E58502CB6668F00243EB0 /* resq_iosUITestsLaunchTests.swift in Sources */ = {isa = PBXBuildFile; fileRef = 5C9E584F2CB6668F00243EB0 /* resq_iosUITestsLaunchTests.swift */; };
/* End PBXBuildFile section */

/* Begin PBXContainerItemProxy section */
		5C9E58402CB6668F00243EB0 /* PBXContainerItemProxy */ = {
			isa = PBXContainerItemProxy;
			containerPortal = 5C9E58272CB6668C00243EB0 /* Project object */;
			proxyType = 1;
			remoteGlobalIDString = 5C9E582E2CB6668C00243EB0;
			remoteInfo = resq_ios;
		};
		5C9E584A2CB6668F00243EB0 /* PBXContainerItemProxy */ = {
			isa = PBXContainerItemProxy;
			containerPortal = 5C9E58272CB6668C00243EB0 /* Project object */;
			proxyType = 1;
			remoteGlobalIDString = 5C9E582E2CB6668C00243EB0;
			remoteInfo = resq_ios;
		};
/* End PBXContainerItemProxy section */

/* Begin PBXFileReference section */
		5C85996B2CB686A70052A2DC /* NetworkManager.swift */ = {isa = PBXFileReference; lastKnownFileType = sourcecode.swift; path = NetworkManager.swift; sourceTree = "<group>"; };
		5C9E582F2CB6668C00243EB0 /* resq_ios.app */ = {isa = PBXFileReference; explicitFileType = wrapper.application; includeInIndex = 0; path = resq_ios.app; sourceTree = BUILT_PRODUCTS_DIR; };
		5C9E58322CB6668C00243EB0 /* resq_iosApp.swift */ = {isa = PBXFileReference; lastKnownFileType = sourcecode.swift; path = resq_iosApp.swift; sourceTree = "<group>"; };
		5C9E58342CB6668C00243EB0 /* ContentView.swift */ = {isa = PBXFileReference; lastKnownFileType = sourcecode.swift; path = ContentView.swift; sourceTree = "<group>"; };
		5C9E58362CB6668F00243EB0 /* Assets.xcassets */ = {isa = PBXFileReference; lastKnownFileType = folder.assetcatalog; path = Assets.xcassets; sourceTree = "<group>"; };
		5C9E58392CB6668F00243EB0 /* Preview Assets.xcassets */ = {isa = PBXFileReference; lastKnownFileType = folder.assetcatalog; path = "Preview Assets.xcassets"; sourceTree = "<group>"; };
		5C9E583F2CB6668F00243EB0 /* resq_iosTests.xctest */ = {isa = PBXFileReference; explicitFileType = wrapper.cfbundle; includeInIndex = 0; path = resq_iosTests.xctest; sourceTree = BUILT_PRODUCTS_DIR; };
		5C9E58432CB6668F00243EB0 /* resq_iosTests.swift */ = {isa = PBXFileReference; lastKnownFileType = sourcecode.swift; path = resq_iosTests.swift; sourceTree = "<group>"; };
		5C9E58492CB6668F00243EB0 /* resq_iosUITests.xctest */ = {isa = PBXFileReference; explicitFileType = wrapper.cfbundle; includeInIndex = 0; path = resq_iosUITests.xctest; sourceTree = BUILT_PRODUCTS_DIR; };
		5C9E584D2CB6668F00243EB0 /* resq_iosUITests.swift */ = {isa = PBXFileReference; lastKnownFileType = sourcecode.swift; path = resq_iosUITests.swift; sourceTree = "<group>"; };
		5C9E584F2CB6668F00243EB0 /* resq_iosUITestsLaunchTests.swift */ = {isa = PBXFileReference; lastKnownFileType = sourcecode.swift; path = resq_iosUITestsLaunchTests.swift; sourceTree = "<group>"; };
		E7A597102CD38929005E1400 /* resq_ios.entitlements */ = {isa = PBXFileReference; lastKnownFileType = text.plist.entitlements; path = resq_ios.entitlements; sourceTree = "<group>"; };
/* End PBXFileReference section */

/* Begin PBXFrameworksBuildPhase section */
		5C9E582C2CB6668C00243EB0 /* Frameworks */ = {
			isa = PBXFrameworksBuildPhase;
			buildActionMask = 2147483647;
			files = (
			);
			runOnlyForDeploymentPostprocessing = 0;
		};
		5C9E583C2CB6668F00243EB0 /* Frameworks */ = {
			isa = PBXFrameworksBuildPhase;
			buildActionMask = 2147483647;
			files = (
			);
			runOnlyForDeploymentPostprocessing = 0;
		};
		5C9E58462CB6668F00243EB0 /* Frameworks */ = {
			isa = PBXFrameworksBuildPhase;
			buildActionMask = 2147483647;
			files = (
			);
			runOnlyForDeploymentPostprocessing = 0;
		};
/* End PBXFrameworksBuildPhase section */

/* Begin PBXGroup section */
		5C9E58262CB6668C00243EB0 = {
			isa = PBXGroup;
			children = (
				5C9E58312CB6668C00243EB0 /* resq_ios */,
				5C9E58422CB6668F00243EB0 /* resq_iosTests */,
				5C9E584C2CB6668F00243EB0 /* resq_iosUITests */,
				5C9E58302CB6668C00243EB0 /* Products */,
			);
			sourceTree = "<group>";
		};
		5C9E58302CB6668C00243EB0 /* Products */ = {
			isa = PBXGroup;
			children = (
				5C9E582F2CB6668C00243EB0 /* resq_ios.app */,
				5C9E583F2CB6668F00243EB0 /* resq_iosTests.xctest */,
				5C9E58492CB6668F00243EB0 /* resq_iosUITests.xctest */,
			);
			name = Products;
			sourceTree = "<group>";
		};
		5C9E58312CB6668C00243EB0 /* resq_ios */ = {
			isa = PBXGroup;
			children = (
				E7A597102CD38929005E1400 /* resq_ios.entitlements */,
				5C9E58322CB6668C00243EB0 /* resq_iosApp.swift */,
				5C9E58342CB6668C00243EB0 /* ContentView.swift */,
				5C9E58362CB6668F00243EB0 /* Assets.xcassets */,
				5C9E58382CB6668F00243EB0 /* Preview Content */,
				5C85996B2CB686A70052A2DC /* NetworkManager.swift */,
			);
			path = resq_ios;
			sourceTree = "<group>";
		};
		5C9E58382CB6668F00243EB0 /* Preview Content */ = {
			isa = PBXGroup;
			children = (
				5C9E58392CB6668F00243EB0 /* Preview Assets.xcassets */,
			);
			path = "Preview Content";
			sourceTree = "<group>";
		};
		5C9E58422CB6668F00243EB0 /* resq_iosTests */ = {
			isa = PBXGroup;
			children = (
				5C9E58432CB6668F00243EB0 /* resq_iosTests.swift */,
			);
			path = resq_iosTests;
			sourceTree = "<group>";
		};
		5C9E584C2CB6668F00243EB0 /* resq_iosUITests */ = {
			isa = PBXGroup;
			children = (
				5C9E584D2CB6668F00243EB0 /* resq_iosUITests.swift */,
				5C9E584F2CB6668F00243EB0 /* resq_iosUITestsLaunchTests.swift */,
			);
			path = resq_iosUITests;
			sourceTree = "<group>";
		};
/* End PBXGroup section */

/* Begin PBXNativeTarget section */
		5C9E582E2CB6668C00243EB0 /* resq_ios */ = {
			isa = PBXNativeTarget;
			buildConfigurationList = 5C9E58532CB6668F00243EB0 /* Build configuration list for PBXNativeTarget "resq_ios" */;
			buildPhases = (
				5C9E582B2CB6668C00243EB0 /* Sources */,
				5C9E582C2CB6668C00243EB0 /* Frameworks */,
				5C9E582D2CB6668C00243EB0 /* Resources */,
			);
			buildRules = (
			);
			dependencies = (
			);
			name = resq_ios;
			productName = resq_ios;
			productReference = 5C9E582F2CB6668C00243EB0 /* resq_ios.app */;
			productType = "com.apple.product-type.application";
		};
		5C9E583E2CB6668F00243EB0 /* resq_iosTests */ = {
			isa = PBXNativeTarget;
			buildConfigurationList = 5C9E58562CB6668F00243EB0 /* Build configuration list for PBXNativeTarget "resq_iosTests" */;
			buildPhases = (
				5C9E583B2CB6668F00243EB0 /* Sources */,
				5C9E583C2CB6668F00243EB0 /* Frameworks */,
				5C9E583D2CB6668F00243EB0 /* Resources */,
			);
			buildRules = (
			);
			dependencies = (
				5C9E58412CB6668F00243EB0 /* PBXTargetDependency */,
			);
			name = resq_iosTests;
			productName = resq_iosTests;
			productReference = 5C9E583F2CB6668F00243EB0 /* resq_iosTests.xctest */;
			productType = "com.apple.product-type.bundle.unit-test";
		};
		5C9E58482CB6668F00243EB0 /* resq_iosUITests */ = {
			isa = PBXNativeTarget;
			buildConfigurationList = 5C9E58592CB6668F00243EB0 /* Build configuration list for PBXNativeTarget "resq_iosUITests" */;
			buildPhases = (
				5C9E58452CB6668F00243EB0 /* Sources */,
				5C9E58462CB6668F00243EB0 /* Frameworks */,
				5C9E58472CB6668F00243EB0 /* Resources */,
			);
			buildRules = (
			);
			dependencies = (
				5C9E584B2CB6668F00243EB0 /* PBXTargetDependency */,
			);
			name = resq_iosUITests;
			productName = resq_iosUITests;
			productReference = 5C9E58492CB6668F00243EB0 /* resq_iosUITests.xctest */;
			productType = "com.apple.product-type.bundle.ui-testing";
		};
/* End PBXNativeTarget section */

/* Begin PBXProject section */
		5C9E58272CB6668C00243EB0 /* Project object */ = {
			isa = PBXProject;
			attributes = {
				BuildIndependentTargetsInParallel = 1;
				LastSwiftUpdateCheck = 1500;
				LastUpgradeCheck = 1610;
				TargetAttributes = {
					5C9E582E2CB6668C00243EB0 = {
						CreatedOnToolsVersion = 15.0.1;
					};
					5C9E583E2CB6668F00243EB0 = {
						CreatedOnToolsVersion = 15.0.1;
						TestTargetID = 5C9E582E2CB6668C00243EB0;
					};
					5C9E58482CB6668F00243EB0 = {
						CreatedOnToolsVersion = 15.0.1;
						TestTargetID = 5C9E582E2CB6668C00243EB0;
					};
				};
			};
			buildConfigurationList = 5C9E582A2CB6668C00243EB0 /* Build configuration list for PBXProject "resq_ios" */;
			compatibilityVersion = "Xcode 14.0";
			developmentRegion = en;
			hasScannedForEncodings = 0;
			knownRegions = (
				en,
				Base,
			);
			mainGroup = 5C9E58262CB6668C00243EB0;
			productRefGroup = 5C9E58302CB6668C00243EB0 /* Products */;
			projectDirPath = "";
			projectRoot = "";
			targets = (
				5C9E582E2CB6668C00243EB0 /* resq_ios */,
				5C9E583E2CB6668F00243EB0 /* resq_iosTests */,
				5C9E58482CB6668F00243EB0 /* resq_iosUITests */,
			);
		};
/* End PBXProject section */

/* Begin PBXResourcesBuildPhase section */
		5C9E582D2CB6668C00243EB0 /* Resources */ = {
			isa = PBXResourcesBuildPhase;
			buildActionMask = 2147483647;
			files = (
				5C9E583A2CB6668F00243EB0 /* Preview Assets.xcassets in Resources */,
				5C9E58372CB6668F00243EB0 /* Assets.xcassets in Resources */,
			);
			runOnlyForDeploymentPostprocessing = 0;
		};
		5C9E583D2CB6668F00243EB0 /* Resources */ = {
			isa = PBXResourcesBuildPhase;
			buildActionMask = 2147483647;
			files = (
			);
			runOnlyForDeploymentPostprocessing = 0;
		};
		5C9E58472CB6668F00243EB0 /* Resources */ = {
			isa = PBXResourcesBuildPhase;
			buildActionMask = 2147483647;
			files = (
			);
			runOnlyForDeploymentPostprocessing = 0;
		};
/* End PBXResourcesBuildPhase section */

/* Begin PBXSourcesBuildPhase section */
		5C9E582B2CB6668C00243EB0 /* Sources */ = {
			isa = PBXSourcesBuildPhase;
			buildActionMask = 2147483647;
			files = (
				5C85996C2CB686A70052A2DC /* NetworkManager.swift in Sources */,
				5C9E58352CB6668C00243EB0 /* ContentView.swift in Sources */,
				5C9E58332CB6668C00243EB0 /* resq_iosApp.swift in Sources */,
			);
			runOnlyForDeploymentPostprocessing = 0;
		};
		5C9E583B2CB6668F00243EB0 /* Sources */ = {
			isa = PBXSourcesBuildPhase;
			buildActionMask = 2147483647;
			files = (
				5C9E58442CB6668F00243EB0 /* resq_iosTests.swift in Sources */,
			);
			runOnlyForDeploymentPostprocessing = 0;
		};
		5C9E58452CB6668F00243EB0 /* Sources */ = {
			isa = PBXSourcesBuildPhase;
			buildActionMask = 2147483647;
			files = (
				5C9E58502CB6668F00243EB0 /* resq_iosUITestsLaunchTests.swift in Sources */,
				5C9E584E2CB6668F00243EB0 /* resq_iosUITests.swift in Sources */,
			);
			runOnlyForDeploymentPostprocessing = 0;
		};
/* End PBXSourcesBuildPhase section */

/* Begin PBXTargetDependency section */
		5C9E58412CB6668F00243EB0 /* PBXTargetDependency */ = {
			isa = PBXTargetDependency;
			target = 5C9E582E2CB6668C00243EB0 /* resq_ios */;
			targetProxy = 5C9E58402CB6668F00243EB0 /* PBXContainerItemProxy */;
		};
		5C9E584B2CB6668F00243EB0 /* PBXTargetDependency */ = {
			isa = PBXTargetDependency;
			target = 5C9E582E2CB6668C00243EB0 /* resq_ios */;
			targetProxy = 5C9E584A2CB6668F00243EB0 /* PBXContainerItemProxy */;
		};
/* End PBXTargetDependency section */

/* Begin XCBuildConfiguration section */
		5C9E58512CB6668F00243EB0 /* Debug */ = {
			isa = XCBuildConfiguration;
			buildSettings = {
				ALWAYS_SEARCH_USER_PATHS = NO;
				ASSETCATALOG_COMPILER_GENERATE_SWIFT_ASSET_SYMBOL_EXTENSIONS = YES;
				CLANG_ANALYZER_NONNULL = YES;
				CLANG_ANALYZER_NUMBER_OBJECT_CONVERSION = YES_AGGRESSIVE;
				CLANG_CXX_LANGUAGE_STANDARD = "gnu++20";
				CLANG_ENABLE_MODULES = YES;
				CLANG_ENABLE_OBJC_ARC = YES;
				CLANG_ENABLE_OBJC_WEAK = YES;
				CLANG_WARN_BLOCK_CAPTURE_AUTORELEASING = YES;
				CLANG_WARN_BOOL_CONVERSION = YES;
				CLANG_WARN_COMMA = YES;
				CLANG_WARN_CONSTANT_CONVERSION = YES;
				CLANG_WARN_DEPRECATED_OBJC_IMPLEMENTATIONS = YES;
				CLANG_WARN_DIRECT_OBJC_ISA_USAGE = YES_ERROR;
				CLANG_WARN_DOCUMENTATION_COMMENTS = YES;
				CLANG_WARN_EMPTY_BODY = YES;
				CLANG_WARN_ENUM_CONVERSION = YES;
				CLANG_WARN_INFINITE_RECURSION = YES;
				CLANG_WARN_INT_CONVERSION = YES;
				CLANG_WARN_NON_LITERAL_NULL_CONVERSION = YES;
				CLANG_WARN_OBJC_IMPLICIT_RETAIN_SELF = YES;
				CLANG_WARN_OBJC_LITERAL_CONVERSION = YES;
				CLANG_WARN_OBJC_ROOT_CLASS = YES_ERROR;
				CLANG_WARN_QUOTED_INCLUDE_IN_FRAMEWORK_HEADER = YES;
				CLANG_WARN_RANGE_LOOP_ANALYSIS = YES;
				CLANG_WARN_STRICT_PROTOTYPES = YES;
				CLANG_WARN_SUSPICIOUS_MOVE = YES;
				CLANG_WARN_UNGUARDED_AVAILABILITY = YES_AGGRESSIVE;
				CLANG_WARN_UNREACHABLE_CODE = YES;
				CLANG_WARN__DUPLICATE_METHOD_MATCH = YES;
				COPY_PHASE_STRIP = NO;
				DEBUG_INFORMATION_FORMAT = dwarf;
				ENABLE_STRICT_OBJC_MSGSEND = YES;
				ENABLE_TESTABILITY = YES;
				ENABLE_USER_SCRIPT_SANDBOXING = YES;
				GCC_C_LANGUAGE_STANDARD = gnu17;
				GCC_DYNAMIC_NO_PIC = NO;
				GCC_NO_COMMON_BLOCKS = YES;
				GCC_OPTIMIZATION_LEVEL = 0;
				GCC_PREPROCESSOR_DEFINITIONS = (
					"DEBUG=1",
					"$(inherited)",
				);
				GCC_WARN_64_TO_32_BIT_CONVERSION = YES;
				GCC_WARN_ABOUT_RETURN_TYPE = YES_ERROR;
				GCC_WARN_UNDECLARED_SELECTOR = YES;
				GCC_WARN_UNINITIALIZED_AUTOS = YES_AGGRESSIVE;
				GCC_WARN_UNUSED_FUNCTION = YES;
				GCC_WARN_UNUSED_VARIABLE = YES;
				IPHONEOS_DEPLOYMENT_TARGET = 17.0;
				LOCALIZATION_PREFERS_STRING_CATALOGS = YES;
				MTL_ENABLE_DEBUG_INFO = INCLUDE_SOURCE;
				MTL_FAST_MATH = YES;
				ONLY_ACTIVE_ARCH = YES;
				SDKROOT = iphoneos;
				SWIFT_ACTIVE_COMPILATION_CONDITIONS = "DEBUG $(inherited)";
				SWIFT_OPTIMIZATION_LEVEL = "-Onone";
			};
			name = Debug;
		};
		5C9E58522CB6668F00243EB0 /* Release */ = {
			isa = XCBuildConfiguration;
			buildSettings = {
				ALWAYS_SEARCH_USER_PATHS = NO;
				ASSETCATALOG_COMPILER_GENERATE_SWIFT_ASSET_SYMBOL_EXTENSIONS = YES;
				CLANG_ANALYZER_NONNULL = YES;
				CLANG_ANALYZER_NUMBER_OBJECT_CONVERSION = YES_AGGRESSIVE;
				CLANG_CXX_LANGUAGE_STANDARD = "gnu++20";
				CLANG_ENABLE_MODULES = YES;
				CLANG_ENABLE_OBJC_ARC = YES;
				CLANG_ENABLE_OBJC_WEAK = YES;
				CLANG_WARN_BLOCK_CAPTURE_AUTORELEASING = YES;
				CLANG_WARN_BOOL_CONVERSION = YES;
				CLANG_WARN_COMMA = YES;
				CLANG_WARN_CONSTANT_CONVERSION = YES;
				CLANG_WARN_DEPRECATED_OBJC_IMPLEMENTATIONS = YES;
				CLANG_WARN_DIRECT_OBJC_ISA_USAGE = YES_ERROR;
				CLANG_WARN_DOCUMENTATION_COMMENTS = YES;
				CLANG_WARN_EMPTY_BODY = YES;
				CLANG_WARN_ENUM_CONVERSION = YES;
				CLANG_WARN_INFINITE_RECURSION = YES;
				CLANG_WARN_INT_CONVERSION = YES;
				CLANG_WARN_NON_LITERAL_NULL_CONVERSION = YES;
				CLANG_WARN_OBJC_IMPLICIT_RETAIN_SELF = YES;
				CLANG_WARN_OBJC_LITERAL_CONVERSION = YES;
				CLANG_WARN_OBJC_ROOT_CLASS = YES_ERROR;
				CLANG_WARN_QUOTED_INCLUDE_IN_FRAMEWORK_HEADER = YES;
				CLANG_WARN_RANGE_LOOP_ANALYSIS = YES;
				CLANG_WARN_STRICT_PROTOTYPES = YES;
				CLANG_WARN_SUSPICIOUS_MOVE = YES;
				CLANG_WARN_UNGUARDED_AVAILABILITY = YES_AGGRESSIVE;
				CLANG_WARN_UNREACHABLE_CODE = YES;
				CLANG_WARN__DUPLICATE_METHOD_MATCH = YES;
				COPY_PHASE_STRIP = NO;
				DEBUG_INFORMATION_FORMAT = "dwarf-with-dsym";
				ENABLE_NS_ASSERTIONS = NO;
				ENABLE_STRICT_OBJC_MSGSEND = YES;
				ENABLE_USER_SCRIPT_SANDBOXING = YES;
				GCC_C_LANGUAGE_STANDARD = gnu17;
				GCC_NO_COMMON_BLOCKS = YES;
				GCC_WARN_64_TO_32_BIT_CONVERSION = YES;
				GCC_WARN_ABOUT_RETURN_TYPE = YES_ERROR;
				GCC_WARN_UNDECLARED_SELECTOR = YES;
				GCC_WARN_UNINITIALIZED_AUTOS = YES_AGGRESSIVE;
				GCC_WARN_UNUSED_FUNCTION = YES;
				GCC_WARN_UNUSED_VARIABLE = YES;
				IPHONEOS_DEPLOYMENT_TARGET = 17.0;
				LOCALIZATION_PREFERS_STRING_CATALOGS = YES;
				MTL_ENABLE_DEBUG_INFO = NO;
				MTL_FAST_MATH = YES;
				SDKROOT = iphoneos;
				SWIFT_COMPILATION_MODE = wholemodule;
				VALIDATE_PRODUCT = YES;
			};
			name = Release;
		};
		5C9E58542CB6668F00243EB0 /* Debug */ = {
			isa = XCBuildConfiguration;
			buildSettings = {
				ASSETCATALOG_COMPILER_APPICON_NAME = AppIcon;
				ASSETCATALOG_COMPILER_GLOBAL_ACCENT_COLOR_NAME = AccentColor;
				CODE_SIGN_ENTITLEMENTS = resq_ios/resq_ios.entitlements;
				CODE_SIGN_STYLE = Automatic;
				CURRENT_PROJECT_VERSION = 1;
				DEVELOPMENT_ASSET_PATHS = "\"resq_ios/Preview Content\"";
				DEVELOPMENT_TEAM = VT7A9QR8VH;
				ENABLE_PREVIEWS = YES;
				GENERATE_INFOPLIST_FILE = YES;
				INFOPLIST_KEY_UIApplicationSceneManifest_Generation = YES;
				INFOPLIST_KEY_UIApplicationSupportsIndirectInputEvents = YES;
				INFOPLIST_KEY_UILaunchScreen_Generation = YES;
				INFOPLIST_KEY_UISupportedInterfaceOrientations_iPad = "UIInterfaceOrientationPortrait UIInterfaceOrientationPortraitUpsideDown UIInterfaceOrientationLandscapeLeft UIInterfaceOrientationLandscapeRight";
				INFOPLIST_KEY_UISupportedInterfaceOrientations_iPhone = "UIInterfaceOrientationPortrait UIInterfaceOrientationLandscapeLeft UIInterfaceOrientationLandscapeRight";
				IPHONEOS_DEPLOYMENT_TARGET = 18.0;
				LD_RUNPATH_SEARCH_PATHS = (
					"$(inherited)",
					"@executable_path/Frameworks",
				);
				MARKETING_VERSION = 1.0;
				PRODUCT_BUNDLE_IDENTIFIER = "Sogang-Koders.resq-ios";
				PRODUCT_NAME = "$(TARGET_NAME)";
				SWIFT_EMIT_LOC_STRINGS = YES;
				SWIFT_VERSION = 5.0;
				TARGETED_DEVICE_FAMILY = "1,2";
			};
			name = Debug;
		};
		5C9E58552CB6668F00243EB0 /* Release */ = {
			isa = XCBuildConfiguration;
			buildSettings = {
				ASSETCATALOG_COMPILER_APPICON_NAME = AppIcon;
				ASSETCATALOG_COMPILER_GLOBAL_ACCENT_COLOR_NAME = AccentColor;
				CODE_SIGN_ENTITLEMENTS = resq_ios/resq_ios.entitlements;
				CODE_SIGN_STYLE = Automatic;
				CURRENT_PROJECT_VERSION = 1;
				DEVELOPMENT_ASSET_PATHS = "\"resq_ios/Preview Content\"";
				DEVELOPMENT_TEAM = VT7A9QR8VH;
				ENABLE_PREVIEWS = YES;
				GENERATE_INFOPLIST_FILE = YES;
				"INFOPLIST_FILE[sdk=*]" = "";
				INFOPLIST_KEY_UIApplicationSceneManifest_Generation = YES;
				INFOPLIST_KEY_UIApplicationSupportsIndirectInputEvents = YES;
				INFOPLIST_KEY_UILaunchScreen_Generation = YES;
				INFOPLIST_KEY_UISupportedInterfaceOrientations_iPad = "UIInterfaceOrientationPortrait UIInterfaceOrientationPortraitUpsideDown UIInterfaceOrientationLandscapeLeft UIInterfaceOrientationLandscapeRight";
				INFOPLIST_KEY_UISupportedInterfaceOrientations_iPhone = "UIInterfaceOrientationPortrait UIInterfaceOrientationLandscapeLeft UIInterfaceOrientationLandscapeRight";
				IPHONEOS_DEPLOYMENT_TARGET = 18.0;
				LD_RUNPATH_SEARCH_PATHS = (
					"$(inherited)",
					"@executable_path/Frameworks",
				);
				MARKETING_VERSION = 1.0;
				PRODUCT_BUNDLE_IDENTIFIER = "Sogang-Koders.resq-ios";
				PRODUCT_NAME = "$(TARGET_NAME)";
				SWIFT_EMIT_LOC_STRINGS = YES;
				SWIFT_VERSION = 5.0;
				TARGETED_DEVICE_FAMILY = "1,2";
			};
			name = Release;
		};
		5C9E58572CB6668F00243EB0 /* Debug */ = {
			isa = XCBuildConfiguration;
			buildSettings = {
				BUNDLE_LOADER = "$(TEST_HOST)";
				"CODE_SIGN_IDENTITY[sdk=macosx*]" = "Apple Development";
				CODE_SIGN_STYLE = Automatic;
				CURRENT_PROJECT_VERSION = 1;
				GENERATE_INFOPLIST_FILE = YES;
				IPHONEOS_DEPLOYMENT_TARGET = 17.0;
				MARKETING_VERSION = 1.0;
				PRODUCT_BUNDLE_IDENTIFIER = "Sogang-Koders.resq-iosTests";
				PRODUCT_NAME = "$(TARGET_NAME)";
				SWIFT_EMIT_LOC_STRINGS = NO;
				SWIFT_VERSION = 5.0;
				TARGETED_DEVICE_FAMILY = "1,2";
				TEST_HOST = "$(BUILT_PRODUCTS_DIR)/resq_ios.app/$(BUNDLE_EXECUTABLE_FOLDER_PATH)/resq_ios";
			};
			name = Debug;
		};
		5C9E58582CB6668F00243EB0 /* Release */ = {
			isa = XCBuildConfiguration;
			buildSettings = {
				BUNDLE_LOADER = "$(TEST_HOST)";
				"CODE_SIGN_IDENTITY[sdk=macosx*]" = "Apple Development";
				CODE_SIGN_STYLE = Automatic;
				CURRENT_PROJECT_VERSION = 1;
				GENERATE_INFOPLIST_FILE = YES;
				IPHONEOS_DEPLOYMENT_TARGET = 17.0;
				MARKETING_VERSION = 1.0;
				PRODUCT_BUNDLE_IDENTIFIER = "Sogang-Koders.resq-iosTests";
				PRODUCT_NAME = "$(TARGET_NAME)";
				SWIFT_EMIT_LOC_STRINGS = NO;
				SWIFT_VERSION = 5.0;
				TARGETED_DEVICE_FAMILY = "1,2";
				TEST_HOST = "$(BUILT_PRODUCTS_DIR)/resq_ios.app/$(BUNDLE_EXECUTABLE_FOLDER_PATH)/resq_ios";
			};
			name = Release;
		};
		5C9E585A2CB6668F00243EB0 /* Debug */ = {
			isa = XCBuildConfiguration;
			buildSettings = {
				CODE_SIGN_STYLE = Automatic;
				CURRENT_PROJECT_VERSION = 1;
				GENERATE_INFOPLIST_FILE = YES;
				MARKETING_VERSION = 1.0;
				PRODUCT_BUNDLE_IDENTIFIER = "Sogang-Koders.resq-iosUITests";
				PRODUCT_NAME = "$(TARGET_NAME)";
				SWIFT_EMIT_LOC_STRINGS = NO;
				SWIFT_VERSION = 5.0;
				TARGETED_DEVICE_FAMILY = "1,2";
				TEST_TARGET_NAME = resq_ios;
			};
			name = Debug;
		};
		5C9E585B2CB6668F00243EB0 /* Release */ = {
			isa = XCBuildConfiguration;
			buildSettings = {
				CODE_SIGN_STYLE = Automatic;
				CURRENT_PROJECT_VERSION = 1;
				GENERATE_INFOPLIST_FILE = YES;
				MARKETING_VERSION = 1.0;
				PRODUCT_BUNDLE_IDENTIFIER = "Sogang-Koders.resq-iosUITests";
				PRODUCT_NAME = "$(TARGET_NAME)";
				SWIFT_EMIT_LOC_STRINGS = NO;
				SWIFT_VERSION = 5.0;
				TARGETED_DEVICE_FAMILY = "1,2";
				TEST_TARGET_NAME = resq_ios;
			};
			name = Release;
		};
/* End XCBuildConfiguration section */

/* Begin XCConfigurationList section */
		5C9E582A2CB6668C00243EB0 /* Build configuration list for PBXProject "resq_ios" */ = {
			isa = XCConfigurationList;
			buildConfigurations = (
				5C9E58512CB6668F00243EB0 /* Debug */,
				5C9E58522CB6668F00243EB0 /* Release */,
			);
			defaultConfigurationIsVisible = 0;
			defaultConfigurationName = Release;
		};
		5C9E58532CB6668F00243EB0 /* Build configuration list for PBXNativeTarget "resq_ios" */ = {
			isa = XCConfigurationList;
			buildConfigurations = (
				5C9E58542CB6668F00243EB0 /* Debug */,
				5C9E58552CB6668F00243EB0 /* Release */,
			);
			defaultConfigurationIsVisible = 0;
			defaultConfigurationName = Release;
		};
		5C9E58562CB6668F00243EB0 /* Build configuration list for PBXNativeTarget "resq_iosTests" */ = {
			isa = XCConfigurationList;
			buildConfigurations = (
				5C9E58572CB6668F00243EB0 /* Debug */,
				5C9E58582CB6668F00243EB0 /* Release */,
			);
			defaultConfigurationIsVisible = 0;
			defaultConfigurationName = Release;
		};
		5C9E58592CB6668F00243EB0 /* Build configuration list for PBXNativeTarget "resq_iosUITests" */ = {
			isa = XCConfigurationList;
			buildConfigurations = (
				5C9E585A2CB6668F00243EB0 /* Debug */,
				5C9E585B2CB6668F00243EB0 /* Release */,
			);
			defaultConfigurationIsVisible = 0;
			defaultConfigurationName = Release;
		};
/* End XCConfigurationList section */
	};
	rootObject = 5C9E58272CB6668C00243EB0 /* Project object */;
}
